
Microsoft Visual Studio Solution File, Format Version 12.00
# Visual Studio 15
VisualStudioVersion = 15.0.28307.271
MinimumVisualStudioVersion = 10.0.40219.1
Project("{9A19103F-16F7-4668-BE54-9A1E7A4F7556}") = "TasksStructs", "TasksStructs\TasksStructs.csproj", "{CC59C93B-2D82-486C-9FF6-14FF7682987C}"
EndProject
Project("{9A19103F-16F7-4668-BE54-9A1E7A4F7556}") = "UserInterface", "UserInterface\UserInterface.csproj", "{6BFF1FFC-7FF7-485B-BA95-37FB48BDACEA}"
EndProject
Project("{9A19103F-16F7-4668-BE54-9A1E7A4F7556}") = "ConsoleApp", "ConsoleApp\ConsoleApp.csproj", "{78EE1EC6-7D4F-415C-8F94-F455C6B2505F}"
EndProject
Project("{9A19103F-16F7-4668-BE54-9A1E7A4F7556}") = "TasksEnums", "TasksEnums\TasksEnums.csproj", "{E00C4BD7-EDAC-4D83-B450-D4F2DB402B7C}"
EndProject
Project("{9A19103F-16F7-4668-BE54-9A1E7A4F7556}") = "TasksExceptions", "TasksExceptions\TasksExceptions.csproj", "{1DBF86CE-1712-476B-B0B7-35D2C128BD27}"
EndProject
Project("{9A19103F-16F7-4668-BE54-9A1E7A4F7556}") = "IOTasks", "IOTasks\IOTasks.csproj", "{23A1217E-80B3-44D9-B656-9CFF44D93750}"
EndProject
Project("{9A19103F-16F7-4668-BE54-9A1E7A4F7556}") = "ReflectionTasks", "ReflectionTasks\ReflectionTasks.csproj", "{3AA4E729-53FB-4341-A4D7-AA54C72E8574}"
EndProject
Project("{9A19103F-16F7-4668-BE54-9A1E7A4F7556}") = "Logger", "Logger\Logger.csproj", "{9EC7B071-9A52-41AE-B16A-739C75DD9ECC}"
EndProject
Project("{9A19103F-16F7-4668-BE54-9A1E7A4F7556}") = "SerializationTasks", "SerializationTasks\SerializationTasks.csproj", "{78D80D52-AE7B-4066-98D9-0D17408C8050}"
EndProject
Project("{9A19103F-16F7-4668-BE54-9A1E7A4F7556}") = "FileOperations", "FileOperations\FileOperations.csproj", "{64E035A7-5365-49F5-BABA-A99396A4C7E0}"
EndProject
Project("{9A19103F-16F7-4668-BE54-9A1E7A4F7556}") = "Calculation", "Calculation\Calculation.csproj", "{184A832C-6437-4A77-8361-6EBC1C5FAF89}"
EndProject
Project("{9A19103F-16F7-4668-BE54-9A1E7A4F7556}") = "ExcelOperations", "ExcelOperations\ExcelOperations.csproj", "{4B089FF4-A9EA-4353-9C2A-B333EA63462E}"
EndProject
Project("{FAE04EC0-301F-11D3-BF4B-00C04F79EFBC}") = "AsyncTasks", "AsyncTasks\AsyncTasks.csproj", "{9042D2F7-3177-401D-B6F2-92E3688037A7}"
EndProject
Global
	GlobalSection(SolutionConfigurationPlatforms) = preSolution
		Debug|Any CPU = Debug|Any CPU
		Release|Any CPU = Release|Any CPU
	EndGlobalSection
	GlobalSection(ProjectConfigurationPlatforms) = postSolution
		{CC59C93B-2D82-486C-9FF6-14FF7682987C}.Debug|Any CPU.ActiveCfg = Debug|Any CPU
		{CC59C93B-2D82-486C-9FF6-14FF7682987C}.Debug|Any CPU.Build.0 = Debug|Any CPU
		{CC59C93B-2D82-486C-9FF6-14FF7682987C}.Release|Any CPU.ActiveCfg = Release|Any CPU
		{CC59C93B-2D82-486C-9FF6-14FF7682987C}.Release|Any CPU.Build.0 = Release|Any CPU
		{6BFF1FFC-7FF7-485B-BA95-37FB48BDACEA}.Debug|Any CPU.ActiveCfg = Debug|Any CPU
		{6BFF1FFC-7FF7-485B-BA95-37FB48BDACEA}.Debug|Any CPU.Build.0 = Debug|Any CPU
		{6BFF1FFC-7FF7-485B-BA95-37FB48BDACEA}.Release|Any CPU.ActiveCfg = Release|Any CPU
		{6BFF1FFC-7FF7-485B-BA95-37FB48BDACEA}.Release|Any CPU.Build.0 = Release|Any CPU
		{78EE1EC6-7D4F-415C-8F94-F455C6B2505F}.Debug|Any CPU.ActiveCfg = Debug|Any CPU
		{78EE1EC6-7D4F-415C-8F94-F455C6B2505F}.Debug|Any CPU.Build.0 = Debug|Any CPU
		{78EE1EC6-7D4F-415C-8F94-F455C6B2505F}.Release|Any CPU.ActiveCfg = Release|Any CPU
		{78EE1EC6-7D4F-415C-8F94-F455C6B2505F}.Release|Any CPU.Build.0 = Release|Any CPU
		{E00C4BD7-EDAC-4D83-B450-D4F2DB402B7C}.Debug|Any CPU.ActiveCfg = Debug|Any CPU
		{E00C4BD7-EDAC-4D83-B450-D4F2DB402B7C}.Debug|Any CPU.Build.0 = Debug|Any CPU
		{E00C4BD7-EDAC-4D83-B450-D4F2DB402B7C}.Release|Any CPU.ActiveCfg = Release|Any CPU
		{E00C4BD7-EDAC-4D83-B450-D4F2DB402B7C}.Release|Any CPU.Build.0 = Release|Any CPU
		{1DBF86CE-1712-476B-B0B7-35D2C128BD27}.Debug|Any CPU.ActiveCfg = Debug|Any CPU
		{1DBF86CE-1712-476B-B0B7-35D2C128BD27}.Debug|Any CPU.Build.0 = Debug|Any CPU
		{1DBF86CE-1712-476B-B0B7-35D2C128BD27}.Release|Any CPU.ActiveCfg = Release|Any CPU
		{1DBF86CE-1712-476B-B0B7-35D2C128BD27}.Release|Any CPU.Build.0 = Release|Any CPU
		{23A1217E-80B3-44D9-B656-9CFF44D93750}.Debug|Any CPU.ActiveCfg = Debug|Any CPU
		{23A1217E-80B3-44D9-B656-9CFF44D93750}.Debug|Any CPU.Build.0 = Debug|Any CPU
		{23A1217E-80B3-44D9-B656-9CFF44D93750}.Release|Any CPU.ActiveCfg = Release|Any CPU
		{23A1217E-80B3-44D9-B656-9CFF44D93750}.Release|Any CPU.Build.0 = Release|Any CPU
		{3AA4E729-53FB-4341-A4D7-AA54C72E8574}.Debug|Any CPU.ActiveCfg = Debug|Any CPU
		{3AA4E729-53FB-4341-A4D7-AA54C72E8574}.Debug|Any CPU.Build.0 = Debug|Any CPU
		{3AA4E729-53FB-4341-A4D7-AA54C72E8574}.Release|Any CPU.ActiveCfg = Release|Any CPU
		{3AA4E729-53FB-4341-A4D7-AA54C72E8574}.Release|Any CPU.Build.0 = Release|Any CPU
		{9EC7B071-9A52-41AE-B16A-739C75DD9ECC}.Debug|Any CPU.ActiveCfg = Debug|Any CPU
		{9EC7B071-9A52-41AE-B16A-739C75DD9ECC}.Debug|Any CPU.Build.0 = Debug|Any CPU
		{9EC7B071-9A52-41AE-B16A-739C75DD9ECC}.Release|Any CPU.ActiveCfg = Release|Any CPU
		{9EC7B071-9A52-41AE-B16A-739C75DD9ECC}.Release|Any CPU.Build.0 = Release|Any CPU
		{78D80D52-AE7B-4066-98D9-0D17408C8050}.Debug|Any CPU.ActiveCfg = Debug|Any CPU
		{78D80D52-AE7B-4066-98D9-0D17408C8050}.Debug|Any CPU.Build.0 = Debug|Any CPU
		{78D80D52-AE7B-4066-98D9-0D17408C8050}.Release|Any CPU.ActiveCfg = Release|Any CPU
		{78D80D52-AE7B-4066-98D9-0D17408C8050}.Release|Any CPU.Build.0 = Release|Any CPU
		{64E035A7-5365-49F5-BABA-A99396A4C7E0}.Debug|Any CPU.ActiveCfg = Debug|Any CPU
		{64E035A7-5365-49F5-BABA-A99396A4C7E0}.Debug|Any CPU.Build.0 = Debug|Any CPU
		{64E035A7-5365-49F5-BABA-A99396A4C7E0}.Release|Any CPU.ActiveCfg = Release|Any CPU
		{64E035A7-5365-49F5-BABA-A99396A4C7E0}.Release|Any CPU.Build.0 = Release|Any CPU
		{184A832C-6437-4A77-8361-6EBC1C5FAF89}.Debug|Any CPU.ActiveCfg = Debug|Any CPU
		{184A832C-6437-4A77-8361-6EBC1C5FAF89}.Debug|Any CPU.Build.0 = Debug|Any CPU
		{184A832C-6437-4A77-8361-6EBC1C5FAF89}.Release|Any CPU.ActiveCfg = Release|Any CPU
		{184A832C-6437-4A77-8361-6EBC1C5FAF89}.Release|Any CPU.Build.0 = Release|Any CPU
		{4B089FF4-A9EA-4353-9C2A-B333EA63462E}.Debug|Any CPU.ActiveCfg = Debug|Any CPU
		{4B089FF4-A9EA-4353-9C2A-B333EA63462E}.Debug|Any CPU.Build.0 = Debug|Any CPU
		{4B089FF4-A9EA-4353-9C2A-B333EA63462E}.Release|Any CPU.ActiveCfg = Release|Any CPU
		{4B089FF4-A9EA-4353-9C2A-B333EA63462E}.Release|Any CPU.Build.0 = Release|Any CPU
		{9042D2F7-3177-401D-B6F2-92E3688037A7}.Debug|Any CPU.ActiveCfg = Debug|Any CPU
		{9042D2F7-3177-401D-B6F2-92E3688037A7}.Debug|Any CPU.Build.0 = Debug|Any CPU
		{9042D2F7-3177-401D-B6F2-92E3688037A7}.Release|Any CPU.ActiveCfg = Release|Any CPU
		{9042D2F7-3177-401D-B6F2-92E3688037A7}.Release|Any CPU.Build.0 = Release|Any CPU
	EndGlobalSection
	GlobalSection(SolutionProperties) = preSolution
		HideSolutionNode = FALSE
	EndGlobalSection
	GlobalSection(ExtensibilityGlobals) = postSolution
		SolutionGuid = {E6FE7441-5A52-4844-92BD-F12CF4AEA884}
	EndGlobalSection
EndGlobal
