
Microsoft Visual Studio Solution File, Format Version 12.00
# Visual Studio 15
VisualStudioVersion = 15.0.28307.271
MinimumVisualStudioVersion = 10.0.40219.1
Project("{9A19103F-16F7-4668-BE54-9A1E7A4F7556}") = "TasksStructs", "TasksStructs\TasksStructs.csproj", "{CC59C93B-2D82-486C-9FF6-14FF7682987C}"
EndProject
Project("{9A19103F-16F7-4668-BE54-9A1E7A4F7556}") = "UserInterface", "UserInterface\UserInterface.csproj", "{6BFF1FFC-7FF7-485B-BA95-37FB48BDACEA}"
EndProject
Project("{9A19103F-16F7-4668-BE54-9A1E7A4F7556}") = "ConsoleApp", "ConsoleApp\ConsoleApp.csproj", "{78EE1EC6-7D4F-415C-8F94-F455C6B2505F}"
EndProject
Project("{FAE04EC0-301F-11D3-BF4B-00C04F79EFBC}") = "TasksEnums", "TasksEnums\TasksEnums.csproj", "{E00C4BD7-EDAC-4D83-B450-D4F2DB402B7C}"
EndProject
Global
	GlobalSection(SolutionConfigurationPlatforms) = preSolution
		Debug|Any CPU = Debug|Any CPU
		Release|Any CPU = Release|Any CPU
	EndGlobalSection
	GlobalSection(ProjectConfigurationPlatforms) = postSolution
		{CC59C93B-2D82-486C-9FF6-14FF7682987C}.Debug|Any CPU.ActiveCfg = Debug|Any CPU
		{CC59C93B-2D82-486C-9FF6-14FF7682987C}.Debug|Any CPU.Build.0 = Debug|Any CPU
		{CC59C93B-2D82-486C-9FF6-14FF7682987C}.Release|Any CPU.ActiveCfg = Release|Any CPU
		{CC59C93B-2D82-486C-9FF6-14FF7682987C}.Release|Any CPU.Build.0 = Release|Any CPU
		{6BFF1FFC-7FF7-485B-BA95-37FB48BDACEA}.Debug|Any CPU.ActiveCfg = Debug|Any CPU
		{6BFF1FFC-7FF7-485B-BA95-37FB48BDACEA}.Debug|Any CPU.Build.0 = Debug|Any CPU
		{6BFF1FFC-7FF7-485B-BA95-37FB48BDACEA}.Release|Any CPU.ActiveCfg = Release|Any CPU
		{6BFF1FFC-7FF7-485B-BA95-37FB48BDACEA}.Release|Any CPU.Build.0 = Release|Any CPU
		{78EE1EC6-7D4F-415C-8F94-F455C6B2505F}.Debug|Any CPU.ActiveCfg = Debug|Any CPU
		{78EE1EC6-7D4F-415C-8F94-F455C6B2505F}.Debug|Any CPU.Build.0 = Debug|Any CPU
		{78EE1EC6-7D4F-415C-8F94-F455C6B2505F}.Release|Any CPU.ActiveCfg = Release|Any CPU
		{78EE1EC6-7D4F-415C-8F94-F455C6B2505F}.Release|Any CPU.Build.0 = Release|Any CPU
		{E00C4BD7-EDAC-4D83-B450-D4F2DB402B7C}.Debug|Any CPU.ActiveCfg = Debug|Any CPU
		{E00C4BD7-EDAC-4D83-B450-D4F2DB402B7C}.Debug|Any CPU.Build.0 = Debug|Any CPU
		{E00C4BD7-EDAC-4D83-B450-D4F2DB402B7C}.Release|Any CPU.ActiveCfg = Release|Any CPU
		{E00C4BD7-EDAC-4D83-B450-D4F2DB402B7C}.Release|Any CPU.Build.0 = Release|Any CPU
	EndGlobalSection
	GlobalSection(SolutionProperties) = preSolution
		HideSolutionNode = FALSE
	EndGlobalSection
	GlobalSection(ExtensibilityGlobals) = postSolution
		SolutionGuid = {E6FE7441-5A52-4844-92BD-F12CF4AEA884}
	EndGlobalSection
EndGlobal
